
Microsoft Visual Studio Solution File, Format Version 12.00
# Visual Studio Version 17
VisualStudioVersion = 17.7.34031.279
MinimumVisualStudioVersion = 10.0.40219.1
Project("{FAE04EC0-301F-11D3-BF4B-00C04F79EFBC}") = "BikeDealer", "BikeDealer.csproj", "{FBBE6E2D-E6D8-438C-99F9-657B30F679EE}"
EndProject
Global
	GlobalSection(SolutionConfigurationPlatforms) = preSolution
		Debug|Any CPU = Debug|Any CPU
		Release|Any CPU = Release|Any CPU
	EndGlobalSection
	GlobalSection(ProjectConfigurationPlatforms) = postSolution
		{FBBE6E2D-E6D8-438C-99F9-657B30F679EE}.Debug|Any CPU.ActiveCfg = Debug|Any CPU
		{FBBE6E2D-E6D8-438C-99F9-657B30F679EE}.Debug|Any CPU.Build.0 = Debug|Any CPU
		{FBBE6E2D-E6D8-438C-99F9-657B30F679EE}.Release|Any CPU.ActiveCfg = Release|Any CPU
		{FBBE6E2D-E6D8-438C-99F9-657B30F679EE}.Release|Any CPU.Build.0 = Release|Any CPU
	EndGlobalSection
	GlobalSection(SolutionProperties) = preSolution
		HideSolutionNode = FALSE
	EndGlobalSection
	GlobalSection(ExtensibilityGlobals) = postSolution
		SolutionGuid = {9C0F2554-2A8D-40EB-8108-BA5E72CA88AB}
	EndGlobalSection
EndGlobal
