
Microsoft Visual Studio Solution File, Format Version 12.00
# Visual Studio Version 17
VisualStudioVersion = 17.7.34031.279
MinimumVisualStudioVersion = 10.0.40219.1
Project("{FAE04EC0-301F-11D3-BF4B-00C04F79EFBC}") = "DbFirstApproach", "DbFirstApproach.csproj", "{8247460D-1E4D-409E-9CB4-7F6455BB44E5}"
EndProject
Global
	GlobalSection(SolutionConfigurationPlatforms) = preSolution
		Debug|Any CPU = Debug|Any CPU
		Release|Any CPU = Release|Any CPU
	EndGlobalSection
	GlobalSection(ProjectConfigurationPlatforms) = postSolution
		{8247460D-1E4D-409E-9CB4-7F6455BB44E5}.Debug|Any CPU.ActiveCfg = Debug|Any CPU
		{8247460D-1E4D-409E-9CB4-7F6455BB44E5}.Debug|Any CPU.Build.0 = Debug|Any CPU
		{8247460D-1E4D-409E-9CB4-7F6455BB44E5}.Release|Any CPU.ActiveCfg = Release|Any CPU
		{8247460D-1E4D-409E-9CB4-7F6455BB44E5}.Release|Any CPU.Build.0 = Release|Any CPU
	EndGlobalSection
	GlobalSection(SolutionProperties) = preSolution
		HideSolutionNode = FALSE
	EndGlobalSection
	GlobalSection(ExtensibilityGlobals) = postSolution
		SolutionGuid = {A8A179E8-112B-40A7-8706-3681B9AC1975}
	EndGlobalSection
EndGlobal
